
Microsoft Visual Studio Solution File, Format Version 12.00
# Visual Studio 15
VisualStudioVersion = 15.0.27428.2015
MinimumVisualStudioVersion = 10.0.40219.1
Project("{FAE04EC0-301F-11D3-BF4B-00C04F79EFBC}") = "Average", "Methods\Average.csproj", "{86F9BF39-5C55-46F5-BD38-DC350875D392}"
EndProject
Project("{FAE04EC0-301F-11D3-BF4B-00C04F79EFBC}") = "Calculator", "Calculator\Calculator.csproj", "{26BEED42-46C7-4648-BAC6-CE6366BA9BF2}"
EndProject
Project("{FAE04EC0-301F-11D3-BF4B-00C04F79EFBC}") = "Converter", "Converter\Converter.csproj", "{0C14E3AA-A50C-42F3-BB86-70C903B55DB7}"
EndProject
Project("{FAE04EC0-301F-11D3-BF4B-00C04F79EFBC}") = "CheckingOfNumber", "CheckingOfNumber\CheckingOfNumber.csproj", "{E6953DFB-ECAD-4554-97DC-49DB7D43020E}"
EndProject
Global
	GlobalSection(SolutionConfigurationPlatforms) = preSolution
		Debug|Any CPU = Debug|Any CPU
		Release|Any CPU = Release|Any CPU
	EndGlobalSection
	GlobalSection(ProjectConfigurationPlatforms) = postSolution
		{86F9BF39-5C55-46F5-BD38-DC350875D392}.Debug|Any CPU.ActiveCfg = Debug|Any CPU
		{86F9BF39-5C55-46F5-BD38-DC350875D392}.Debug|Any CPU.Build.0 = Debug|Any CPU
		{86F9BF39-5C55-46F5-BD38-DC350875D392}.Release|Any CPU.ActiveCfg = Release|Any CPU
		{86F9BF39-5C55-46F5-BD38-DC350875D392}.Release|Any CPU.Build.0 = Release|Any CPU
		{26BEED42-46C7-4648-BAC6-CE6366BA9BF2}.Debug|Any CPU.ActiveCfg = Debug|Any CPU
		{26BEED42-46C7-4648-BAC6-CE6366BA9BF2}.Debug|Any CPU.Build.0 = Debug|Any CPU
		{26BEED42-46C7-4648-BAC6-CE6366BA9BF2}.Release|Any CPU.ActiveCfg = Release|Any CPU
		{26BEED42-46C7-4648-BAC6-CE6366BA9BF2}.Release|Any CPU.Build.0 = Release|Any CPU
		{0C14E3AA-A50C-42F3-BB86-70C903B55DB7}.Debug|Any CPU.ActiveCfg = Debug|Any CPU
		{0C14E3AA-A50C-42F3-BB86-70C903B55DB7}.Debug|Any CPU.Build.0 = Debug|Any CPU
		{0C14E3AA-A50C-42F3-BB86-70C903B55DB7}.Release|Any CPU.ActiveCfg = Release|Any CPU
		{0C14E3AA-A50C-42F3-BB86-70C903B55DB7}.Release|Any CPU.Build.0 = Release|Any CPU
		{E6953DFB-ECAD-4554-97DC-49DB7D43020E}.Debug|Any CPU.ActiveCfg = Debug|Any CPU
		{E6953DFB-ECAD-4554-97DC-49DB7D43020E}.Debug|Any CPU.Build.0 = Debug|Any CPU
		{E6953DFB-ECAD-4554-97DC-49DB7D43020E}.Release|Any CPU.ActiveCfg = Release|Any CPU
		{E6953DFB-ECAD-4554-97DC-49DB7D43020E}.Release|Any CPU.Build.0 = Release|Any CPU
	EndGlobalSection
	GlobalSection(SolutionProperties) = preSolution
		HideSolutionNode = FALSE
	EndGlobalSection
	GlobalSection(ExtensibilityGlobals) = postSolution
		SolutionGuid = {11D311D4-4695-4120-9FE3-97D16355F1E3}
	EndGlobalSection
EndGlobal
